
Microsoft Visual Studio Solution File, Format Version 12.00
# Visual Studio Version 17
VisualStudioVersion = 17.7.34024.191
MinimumVisualStudioVersion = 10.0.40219.1
Project("{FAE04EC0-301F-11D3-BF4B-00C04F79EFBC}") = "3TC", "3TC\3TC.csproj", "{CB704AF5-982B-4A48-A850-2A7522A7B514}"
EndProject
Global
	GlobalSection(SolutionConfigurationPlatforms) = preSolution
		Debug|Any CPU = Debug|Any CPU
		Release|Any CPU = Release|Any CPU
	EndGlobalSection
	GlobalSection(ProjectConfigurationPlatforms) = postSolution
		{CB704AF5-982B-4A48-A850-2A7522A7B514}.Debug|Any CPU.ActiveCfg = Debug|Any CPU
		{CB704AF5-982B-4A48-A850-2A7522A7B514}.Debug|Any CPU.Build.0 = Debug|Any CPU
		{CB704AF5-982B-4A48-A850-2A7522A7B514}.Release|Any CPU.ActiveCfg = Release|Any CPU
		{CB704AF5-982B-4A48-A850-2A7522A7B514}.Release|Any CPU.Build.0 = Release|Any CPU
	EndGlobalSection
	GlobalSection(SolutionProperties) = preSolution
		HideSolutionNode = FALSE
	EndGlobalSection
	GlobalSection(ExtensibilityGlobals) = postSolution
		SolutionGuid = {CAFDCA1A-D718-49BE-BD13-DA386BD2F9D5}
	EndGlobalSection
EndGlobal
